lockfileVersion: 5.3

specifiers:
  '@types/jquery': ^3.5.6
  vite: ^2.5.1

dependencies:
  vite: registry.nlark.com/vite/2.5.1

devDependencies:
  '@types/jquery': registry.nlark.com/@types/jquery/3.5.6

packages:

  /fsevents/2.3.2:
    resolution: {integrity: sha1-ilJveLj99GI7cJ4Ll1xSwkwC/Ro=, tarball: fsevents/download/fsevents-2.3.2.tgz}
    engines: {node: ^8.16.0 || ^10.6.0 || >=11.0.0}
    requiresBuild: true
    dev: false
    optional: true

  /function-bind/1.1.1:
    resolution: {integrity: sha1-pWiZ0+o8m6uHS7l3O3xe3pL0iV0=, tarball: function-bind/download/function-bind-1.1.1.tgz}
    dev: false

  /has/1.0.3:
    resolution: {integrity: sha1-ci18v8H2qoJB8W3YFOAR4fQeh5Y=, tarball: has/download/has-1.0.3.tgz}
    engines: {node: '>= 0.4.0'}
    dependencies:
      function-bind: 1.1.1
    dev: false

  /resolve/1.20.0:
    resolution: {integrity: sha1-YpoBP7P3B1XW8LeTXMHCxTeLGXU=, tarball: resolve/download/resolve-1.20.0.tgz}
    dependencies:
      is-core-module: registry.nlark.com/is-core-module/2.6.0
      path-parse: registry.nlark.com/path-parse/1.0.7
    dev: false

  registry.nlark.com/@types/jquery/3.5.6:
    resolution: {integrity: sha1-l6yONtzNitjtPz87SJM2FNn9jPA=, registry: https://registry.npm.taobao.org/, tarball: https://registry.nlark.com/@types/jquery/download/@types/jquery-3.5.6.tgz}
    name: '@types/jquery'
    version: 3.5.6
    dependencies:
      '@types/sizzle': registry.nlark.com/@types/sizzle/2.3.3
    dev: true

  registry.nlark.com/@types/sizzle/2.3.3:
    resolution: {integrity: sha1-/14vGQKWnTBSJaBHyKD9XJFc6+8=, registry: https://registry.npm.taobao.org/, tarball: https://registry.nlark.com/@types/sizzle/download/@types/sizzle-2.3.3.tgz}
    name: '@types/sizzle'
    version: 2.3.3
    dev: true

  registry.nlark.com/colorette/1.3.0:
    resolution: {integrity: sha1-/0XS8O2yRAadO3cq3rBP7TjQoK8=, registry: https://registry.npm.taobao.org/, tarball: https://registry.nlark.com/colorette/download/colorette-1.3.0.tgz}
    name: colorette
    version: 1.3.0
    dev: false

  registry.nlark.com/esbuild/0.12.22:
    resolution: {integrity: sha1-YDGhJXuNAwfTBr7Wc7ecNmhgf1E=, registry: https://registry.npm.taobao.org/, tarball: https://registry.nlark.com/esbuild/download/esbuild-0.12.22.tgz}
    name: esbuild
    version: 0.12.22
    hasBin: true
    requiresBuild: true
    dev: false

  registry.nlark.com/is-core-module/2.6.0:
    resolution: {integrity: sha1-11U7JSb+Wbkro+QMjfdX7Ipwnhk=, registry: https://registry.npm.taobao.org/, tarball: https://registry.nlark.com/is-core-module/download/is-core-module-2.6.0.tgz}
    name: is-core-module
    version: 2.6.0
    dependencies:
      has: 1.0.3
    dev: false

  registry.nlark.com/nanoid/3.1.25:
    resolution: {integrity: sha1-CcoydHwOVD8OGBS303k0d/nI4VI=, registry: https://registry.npm.taobao.org/, tarball: https://registry.nlark.com/nanoid/download/nanoid-3.1.25.tgz}
    name: nanoid
    version: 3.1.25
    engines: {node: ^10 || ^12 || ^13.7 || ^14 || >=15.0.1}
    hasBin: true
    dev: false

  registry.nlark.com/path-parse/1.0.7:
    resolution: {integrity: sha1-+8EUtgykKzDZ2vWFjkvWi77bZzU=, registry: https://registry.npm.taobao.org/, tarball: https://registry.nlark.com/path-parse/download/path-parse-1.0.7.tgz?cache=0&sync_timestamp=1621947899252&other_urls=https%3A%2F%2Fregistry.nlark.com%2Fpath-parse%2Fdownload%2Fpath-parse-1.0.7.tgz}
    name: path-parse
    version: 1.0.7
    dev: false

  registry.nlark.com/postcss/8.3.6:
    resolution: {integrity: sha1-JzDddql5afN/U7mmCWGXvjEcxOo=, registry: https://registry.npm.taobao.org/, tarball: https://registry.nlark.com/postcss/download/postcss-8.3.6.tgz}
    name: postcss
    version: 8.3.6
    engines: {node: ^10 || ^12 || >=14}
    dependencies:
      colorette: registry.nlark.com/colorette/1.3.0
      nanoid: registry.nlark.com/nanoid/3.1.25
      source-map-js: registry.nlark.com/source-map-js/0.6.2
    dev: false

  registry.nlark.com/rollup/2.56.3:
    resolution: {integrity: sha1-tj7a3ZhRsNYYptDmr4IBlVp3rv8=, registry: https://registry.npm.taobao.org/, tarball: https://registry.nlark.com/rollup/download/rollup-2.56.3.tgz}
    name: rollup
    version: 2.56.3
    engines: {node: '>=10.0.0'}
    hasBin: true
    optionalDependencies:
      fsevents: 2.3.2
    dev: false

  registry.nlark.com/source-map-js/0.6.2:
    resolution: {integrity: sha1-C7XeYxtBz72mz7qL0FqA79/SOF4=, registry: https://registry.npm.taobao.org/, tarball: https://registry.nlark.com/source-map-js/download/source-map-js-0.6.2.tgz?cache=0&sync_timestamp=1621571118211&other_urls=https%3A%2F%2Fregistry.nlark.com%2Fsource-map-js%2Fdownload%2Fsource-map-js-0.6.2.tgz}
    name: source-map-js
    version: 0.6.2
    engines: {node: '>=0.10.0'}
    dev: false

  registry.nlark.com/vite/2.5.1:
    resolution: {integrity: sha1-lTxxoDTAezrgRI1XZk7JxoYvI6g=, registry: https://registry.npm.taobao.org/, tarball: https://registry.nlark.com/vite/download/vite-2.5.1.tgz}
    name: vite
    version: 2.5.1
    engines: {node: '>=12.2.0'}
    hasBin: true
    dependencies:
      esbuild: registry.nlark.com/esbuild/0.12.22
      postcss: registry.nlark.com/postcss/8.3.6
      resolve: 1.20.0
      rollup: registry.nlark.com/rollup/2.56.3
    optionalDependencies:
      fsevents: 2.3.2
    dev: false
