# THIS IS AN AUTOGENERATED FILE. DO NOT EDIT THIS FILE DIRECTLY.
# yarn lockfile v1


"@acnb/core@^1.0.1":
  version "1.0.1"
  resolved "https://registry.yarnpkg.com/@acnb/core/-/core-1.0.1.tgz#7968c02ea852273440f9aeea270d3c42de171173"
  integrity sha512-Swbw6txCOBBMBDSVHoWpk4zmF8+1Fel16BBfy10e37GnOXzJWKm2MCLaFlW4rXCoH5LJW2yAa95tFfk4XxQZaA==
  dependencies:
    vite "^2.5.1"

"@acnb/core@^1.0.2":
  version "1.0.2"
  resolved "https://registry.yarnpkg.com/@acnb/core/-/core-1.0.2.tgz#bc0b5a82aa697153f1c6eadb169fb1181677032d"
  integrity sha512-0qMXfYfaK6/6UdNioNNBBlljSwFtOkMJ3DGF47LTj1rbU41aMYcKIchYFT7LgAAQiCrC3/FFAqSJpYT2LeqnEQ==
  dependencies:
    "@acnb/core" "^1.0.1"
    vite "^2.5.1"

"@acnb/core@^1.0.3":
  version "1.0.3"
  resolved "https://registry.yarnpkg.com/@acnb/core/-/core-1.0.3.tgz#e0bf04ce4d1d3331fb4b496a3367b8ba445d242d"
  integrity sha512-4THT7mbOb2ZJAnt56is9PKqSk9ho1Lx3FzqcFAIoKnHPKdswA/KmYH5awguXr9/UBiBcUCBCXY6mAVH5nbBygw==
  dependencies:
    "@acnb/core" "^1.0.2"
    vite "^2.5.1"

"@types/jquery@^3.5.6":
  version "3.5.6"
  resolved "https://registry.nlark.com/@types/jquery/download/@types/jquery-3.5.6.tgz?cache=0&other_urls=https%3A%2F%2Fregistry.nlark.com%2F%40types%2Fjquery%2Fdownload%2F%40types%2Fjquery-3.5.6.tgz#97ac8e36dccd8ad8ed3f3f3b48933614d9fd8cf0"
  integrity sha1-l6yONtzNitjtPz87SJM2FNn9jPA=
  dependencies:
    "@types/sizzle" "*"

"@types/sizzle@*":
  version "2.3.3"
  resolved "https://registry.nlark.com/@types/sizzle/download/@types/sizzle-2.3.3.tgz?cache=0&sync_timestamp=1629709338698&other_urls=https%3A%2F%2Fregistry.nlark.com%2F%40types%2Fsizzle%2Fdownload%2F%40types%2Fsizzle-2.3.3.tgz#ff5e2f1902969d305225a047c8a0fd5c915cebef"
  integrity sha1-/14vGQKWnTBSJaBHyKD9XJFc6+8=

colorette@^1.2.2:
  version "1.3.0"
  resolved "https://registry.nlark.com/colorette/download/colorette-1.3.0.tgz?cache=0&sync_timestamp=1628600323078&other_urls=https%3A%2F%2Fregistry.nlark.com%2Fcolorette%2Fdownload%2Fcolorette-1.3.0.tgz#ff45d2f0edb244069d3b772adeb04fed38d0a0af"
  integrity sha1-/0XS8O2yRAadO3cq3rBP7TjQoK8=

esbuild@^0.12.17:
  version "0.12.24"
  resolved "https://registry.nlark.com/esbuild/download/esbuild-0.12.24.tgz#21966fad25a80f368ed308101e88102bce0dc68f"
  integrity sha1-IZZvrSWoDzaO0wgQHogQK84Nxo8=

fsevents@~2.3.2:
  version "2.3.2"
  resolved "https://registry.nlark.com/fsevents/download/fsevents-2.3.2.tgz#8a526f78b8fdf4623b709e0b975c52c24c02fd1a"
  integrity sha1-ilJveLj99GI7cJ4Ll1xSwkwC/Ro=

function-bind@^1.1.1:
  version "1.1.1"
  resolved "https://registry.nlark.com/function-bind/download/function-bind-1.1.1.tgz#a56899d3ea3c9bab874bb9773b7c5ede92f4895d"
  integrity sha1-pWiZ0+o8m6uHS7l3O3xe3pL0iV0=

has@^1.0.3:
  version "1.0.3"
  resolved "https://registry.nlark.com/has/download/has-1.0.3.tgz?cache=0&sync_timestamp=1618847173393&other_urls=https%3A%2F%2Fregistry.nlark.com%2Fhas%2Fdownload%2Fhas-1.0.3.tgz#722d7cbfc1f6aa8241f16dd814e011e1f41e8796"
  integrity sha1-ci18v8H2qoJB8W3YFOAR4fQeh5Y=
  dependencies:
    function-bind "^1.1.1"

is-core-module@^2.2.0:
  version "2.6.0"
  resolved "https://registry.nlark.com/is-core-module/download/is-core-module-2.6.0.tgz?cache=0&sync_timestamp=1629224758563&other_urls=https%3A%2F%2Fregistry.nlark.com%2Fis-core-module%2Fdownload%2Fis-core-module-2.6.0.tgz#d7553b2526fe59b92ba3e40c8df757ec8a709e19"
  integrity sha1-11U7JSb+Wbkro+QMjfdX7Ipwnhk=
  dependencies:
    has "^1.0.3"

nanoid@^3.1.23:
  version "3.1.25"
  resolved "https://registry.nlark.com/nanoid/download/nanoid-3.1.25.tgz#09ca32747c0e543f0e1814b7d3793477f9c8e152"
  integrity sha1-CcoydHwOVD8OGBS303k0d/nI4VI=

path-parse@^1.0.6:
  version "1.0.7"
  resolved "https://registry.nlark.com/path-parse/download/path-parse-1.0.7.tgz#fbc114b60ca42b30d9daf5858e4bd68bbedb6735"
  integrity sha1-+8EUtgykKzDZ2vWFjkvWi77bZzU=

postcss@^8.3.6:
  version "8.3.6"
  resolved "https://registry.nlark.com/postcss/download/postcss-8.3.6.tgz?cache=0&sync_timestamp=1626882928473&other_urls=https%3A%2F%2Fregistry.nlark.com%2Fpostcss%2Fdownload%2Fpostcss-8.3.6.tgz#2730dd76a97969f37f53b9a6096197be311cc4ea"
  integrity sha1-JzDddql5afN/U7mmCWGXvjEcxOo=
  dependencies:
    colorette "^1.2.2"
    nanoid "^3.1.23"
    source-map-js "^0.6.2"

resolve@^1.20.0:
  version "1.20.0"
  resolved "https://registry.nlark.com/resolve/download/resolve-1.20.0.tgz?cache=0&sync_timestamp=1618846903792&other_urls=https%3A%2F%2Fregistry.nlark.com%2Fresolve%2Fdownload%2Fresolve-1.20.0.tgz#629a013fb3f70755d6f0b7935cc1c2c5378b1975"
  integrity sha1-YpoBP7P3B1XW8LeTXMHCxTeLGXU=
  dependencies:
    is-core-module "^2.2.0"
    path-parse "^1.0.6"

rollup@^2.38.5:
  version "2.56.3"
  resolved "https://registry.nlark.com/rollup/download/rollup-2.56.3.tgz?cache=0&sync_timestamp=1629695540410&other_urls=https%3A%2F%2Fregistry.nlark.com%2Frollup%2Fdownload%2Frollup-2.56.3.tgz#b63edadd9851b0d618a6d0e6af8201955a77aeff"
  integrity sha1-tj7a3ZhRsNYYptDmr4IBlVp3rv8=
  optionalDependencies:
    fsevents "~2.3.2"

source-map-js@^0.6.2:
  version "0.6.2"
  resolved "https://registry.npm.taobao.org/source-map-js/download/source-map-js-0.6.2.tgz#0bb5de631b41cfbda6cfba8bd05a80efdfd2385e"
  integrity sha1-C7XeYxtBz72mz7qL0FqA79/SOF4=

vite@^2.5.1:
  version "2.5.2"
  resolved "https://registry.nlark.com/vite/download/vite-2.5.2.tgz#3963a4ec1e6ecae49359eddfdd67f6cb1e6e07a1"
  integrity sha1-OWOk7B5uyuSTWe3f3Wf2yx5uB6E=
  dependencies:
    esbuild "^0.12.17"
    postcss "^8.3.6"
    resolve "^1.20.0"
    rollup "^2.38.5"
  optionalDependencies:
    fsevents "~2.3.2"
